
Microsoft Visual Studio Solution File, Format Version 12.00
# Visual Studio 15
VisualStudioVersion = 15.0.28307.168
MinimumVisualStudioVersion = 10.0.40219.1
Project("{FAE04EC0-301F-11D3-BF4B-00C04F79EFBC}") = "BitByte", "BitByte\BitByte.csproj", "{249EA572-BC1A-450F-AA96-4A5DAE840C38}"
EndProject
Global
	GlobalSection(SolutionConfigurationPlatforms) = preSolution
		Debug|Any CPU = Debug|Any CPU
		Release|Any CPU = Release|Any CPU
	EndGlobalSection
	GlobalSection(ProjectConfigurationPlatforms) = postSolution
		{249EA572-BC1A-450F-AA96-4A5DAE840C38}.Debug|Any CPU.ActiveCfg = Debug|Any CPU
		{249EA572-BC1A-450F-AA96-4A5DAE840C38}.Debug|Any CPU.Build.0 = Debug|Any CPU
		{249EA572-BC1A-450F-AA96-4A5DAE840C38}.Release|Any CPU.ActiveCfg = Release|Any CPU
		{249EA572-BC1A-450F-AA96-4A5DAE840C38}.Release|Any CPU.Build.0 = Release|Any CPU
	EndGlobalSection
	GlobalSection(SolutionProperties) = preSolution
		HideSolutionNode = FALSE
	EndGlobalSection
	GlobalSection(ExtensibilityGlobals) = postSolution
		SolutionGuid = {F96E1559-EB61-49D9-AA15-1F313AC534C8}
	EndGlobalSection
EndGlobal
